
Microsoft Visual Studio Solution File, Format Version 12.00
# Visual Studio 14
VisualStudioVersion = 14.0.25420.1
MinimumVisualStudioVersion = 10.0.40219.1
Project("{8BB2217D-0F2D-49D1-97BC-3654ED321F3B}") = "Warden.Api.Core", "API\Warden.Api.Core\Warden.Api.Core.xproj", "{AF3C7855-8043-46C8-B12E-705E7D854D20}"
EndProject
Project("{8BB2217D-0F2D-49D1-97BC-3654ED321F3B}") = "Warden.Api.Infrastructure", "API\Warden.Api.Infrastructure\Warden.Api.Infrastructure.xproj", "{0E1709D5-8869-4708-ABF3-BF0477695560}"
EndProject
Project("{8BB2217D-0F2D-49D1-97BC-3654ED321F3B}") = "Warden.Api.Tests", "API\Warden.Api.Tests\Warden.Api.Tests.xproj", "{CE26A755-D890-4592-9EE9-7A0502CA667D}"
EndProject
Project("{8BB2217D-0F2D-49D1-97BC-3654ED321F3B}") = "Warden.Api.Tests.EndToEnd", "API\Warden.Api.Tests.EndToEnd\Warden.Api.Tests.EndToEnd.xproj", "{2C5E8AEA-645F-4182-AD38-B2B01DCD0803}"
EndProject
Project("{8BB2217D-0F2D-49D1-97BC-3654ED321F3B}") = "Warden.Api", "API\Warden.Api\Warden.Api.xproj", "{C0104987-AD83-4301-A4F0-B090380D1692}"
EndProject
Project("{2150E333-8FDC-42A3-9474-1A3956D46DE8}") = "Solution Items", "Solution Items", "{7DA85ECD-4C38-48F5-95AA-4F1386EB5FE7}"
	ProjectSection(SolutionItems) = preProject
		global.json = global.json
	EndProjectSection
EndProject
Project("{2150E333-8FDC-42A3-9474-1A3956D46DE8}") = "API", "API", "{27BF0A76-7B2C-46C9-8966-FD2AA73FE4FB}"
EndProject
Project("{2150E333-8FDC-42A3-9474-1A3956D46DE8}") = "Services", "Services", "{81205A22-A8D8-48BE-986C-3CE0AFE01CAA}"
EndProject
Project("{2150E333-8FDC-42A3-9474-1A3956D46DE8}") = "Bus", "Bus", "{C734345E-7F40-4509-A773-643EFD2CE5E9}"
EndProject
Project("{2150E333-8FDC-42A3-9474-1A3956D46DE8}") = "RealTime", "RealTime", "{84E0C7F1-18C2-43C6-9670-75B40FE80DFA}"
EndProject
Project("{2150E333-8FDC-42A3-9474-1A3956D46DE8}") = "Spawn", "Spawn", "{0C163FC4-823E-4611-82B1-1C10CAC50B1B}"
EndProject
Project("{2150E333-8FDC-42A3-9474-1A3956D46DE8}") = "Stats", "Stats", "{9A473902-EE9E-4FD9-B5DC-8DF630201D7F}"
EndProject
Project("{2150E333-8FDC-42A3-9474-1A3956D46DE8}") = "Storage", "Storage", "{D328BE12-60C0-4713-AF15-9CD6327FFEB2}"
EndProject
Project("{8BB2217D-0F2D-49D1-97BC-3654ED321F3B}") = "Warden.Services", "Services\Warden.Services\Warden.Services.xproj", "{C860BE70-89FB-4C21-9373-93AE5854CE4D}"
EndProject
Project("{8BB2217D-0F2D-49D1-97BC-3654ED321F3B}") = "Warden.Services.Bus", "Services\Bus\Warden.Services.Bus\Warden.Services.Bus.xproj", "{91E7A615-F670-4B25-BFE1-6DE43D795862}"
EndProject
Project("{8BB2217D-0F2D-49D1-97BC-3654ED321F3B}") = "Warden.Services.Bus.App", "Services\Bus\Warden.Services.Bus.App\Warden.Services.Bus.App.xproj", "{F7A75A5F-6224-4A96-A608-519E49CE700E}"
EndProject
Project("{8BB2217D-0F2D-49D1-97BC-3654ED321F3B}") = "Warden.Services.RealTime", "Services\RealTime\Warden.Services.RealTime\Warden.Services.RealTime.xproj", "{28EAE8F6-06DE-4955-979A-CA4395EF9EAC}"
EndProject
Project("{8BB2217D-0F2D-49D1-97BC-3654ED321F3B}") = "Warden.Services.RealTime.App", "Services\RealTime\Warden.Services.RealTime.App\Warden.Services.RealTime.App.xproj", "{AF9C718F-57B6-41B7-8D8D-C303C1108EC8}"
EndProject
Project("{8BB2217D-0F2D-49D1-97BC-3654ED321F3B}") = "Warden.Services.Spawn", "Services\Spawn\Warden.Services.Spawn\Warden.Services.Spawn.xproj", "{1E7E0F9D-1C94-4212-ABAA-132EF20A31F2}"
EndProject
Project("{8BB2217D-0F2D-49D1-97BC-3654ED321F3B}") = "Warden.Services.Spawn.App", "Services\Spawn\Warden.Services.Spawn.App\Warden.Services.Spawn.App.xproj", "{3EABF153-B698-4BF3-B1F7-C696245AA693}"
EndProject
Project("{8BB2217D-0F2D-49D1-97BC-3654ED321F3B}") = "Warden.Services.Stats", "Services\Stats\Warden.Services.Stats\Warden.Services.Stats.xproj", "{CDEB8355-2CBF-490C-8C44-50F8CC6C636C}"
EndProject
Project("{8BB2217D-0F2D-49D1-97BC-3654ED321F3B}") = "Warden.Services.Stats.App", "Services\Stats\Warden.Services.Stats.App\Warden.Services.Stats.App.xproj", "{10EA9513-55B1-4F38-8F7C-359E6CE60CEA}"
EndProject
Project("{8BB2217D-0F2D-49D1-97BC-3654ED321F3B}") = "Warden.Services.Storage", "Services\Storage\Warden.Services.Storage\Warden.Services.Storage.xproj", "{C29CB073-D729-4511-A347-76EFAA25D206}"
EndProject
Project("{8BB2217D-0F2D-49D1-97BC-3654ED321F3B}") = "Warden.Services.Storage.App", "Services\Storage\Warden.Services.Storage.App\Warden.Services.Storage.App.xproj", "{ECDFE147-FBE3-4451-A354-9AECF42BF265}"
EndProject
Project("{2150E333-8FDC-42A3-9474-1A3956D46DE8}") = "Common", "Common", "{0C0095BC-0FE5-45E6-A7FD-84BF4A67D45D}"
EndProject
Project("{8BB2217D-0F2D-49D1-97BC-3654ED321F3B}") = "Warden.Common.Dto", "Common\Warden.Common.Dto\Warden.Common.Dto.xproj", "{2AE21380-C283-41EE-98DB-7D5681245436}"
EndProject
Global
	GlobalSection(SolutionConfigurationPlatforms) = preSolution
		Debug|Any CPU = Debug|Any CPU
		Release|Any CPU = Release|Any CPU
	EndGlobalSection
	GlobalSection(ProjectConfigurationPlatforms) = postSolution
		{AF3C7855-8043-46C8-B12E-705E7D854D20}.Debug|Any CPU.ActiveCfg = Debug|Any CPU
		{AF3C7855-8043-46C8-B12E-705E7D854D20}.Debug|Any CPU.Build.0 = Debug|Any CPU
		{AF3C7855-8043-46C8-B12E-705E7D854D20}.Release|Any CPU.ActiveCfg = Release|Any CPU
		{AF3C7855-8043-46C8-B12E-705E7D854D20}.Release|Any CPU.Build.0 = Release|Any CPU
		{0E1709D5-8869-4708-ABF3-BF0477695560}.Debug|Any CPU.ActiveCfg = Debug|Any CPU
		{0E1709D5-8869-4708-ABF3-BF0477695560}.Debug|Any CPU.Build.0 = Debug|Any CPU
		{0E1709D5-8869-4708-ABF3-BF0477695560}.Release|Any CPU.ActiveCfg = Release|Any CPU
		{0E1709D5-8869-4708-ABF3-BF0477695560}.Release|Any CPU.Build.0 = Release|Any CPU
		{CE26A755-D890-4592-9EE9-7A0502CA667D}.Debug|Any CPU.ActiveCfg = Debug|Any CPU
		{CE26A755-D890-4592-9EE9-7A0502CA667D}.Debug|Any CPU.Build.0 = Debug|Any CPU
		{CE26A755-D890-4592-9EE9-7A0502CA667D}.Release|Any CPU.ActiveCfg = Release|Any CPU
		{CE26A755-D890-4592-9EE9-7A0502CA667D}.Release|Any CPU.Build.0 = Release|Any CPU
		{2C5E8AEA-645F-4182-AD38-B2B01DCD0803}.Debug|Any CPU.ActiveCfg = Debug|Any CPU
		{2C5E8AEA-645F-4182-AD38-B2B01DCD0803}.Debug|Any CPU.Build.0 = Debug|Any CPU
		{2C5E8AEA-645F-4182-AD38-B2B01DCD0803}.Release|Any CPU.ActiveCfg = Release|Any CPU
		{2C5E8AEA-645F-4182-AD38-B2B01DCD0803}.Release|Any CPU.Build.0 = Release|Any CPU
		{C0104987-AD83-4301-A4F0-B090380D1692}.Debug|Any CPU.ActiveCfg = Debug|Any CPU
		{C0104987-AD83-4301-A4F0-B090380D1692}.Debug|Any CPU.Build.0 = Debug|Any CPU
		{C0104987-AD83-4301-A4F0-B090380D1692}.Release|Any CPU.ActiveCfg = Release|Any CPU
		{C0104987-AD83-4301-A4F0-B090380D1692}.Release|Any CPU.Build.0 = Release|Any CPU
		{C860BE70-89FB-4C21-9373-93AE5854CE4D}.Debug|Any CPU.ActiveCfg = Debug|Any CPU
		{C860BE70-89FB-4C21-9373-93AE5854CE4D}.Debug|Any CPU.Build.0 = Debug|Any CPU
		{C860BE70-89FB-4C21-9373-93AE5854CE4D}.Release|Any CPU.ActiveCfg = Release|Any CPU
		{C860BE70-89FB-4C21-9373-93AE5854CE4D}.Release|Any CPU.Build.0 = Release|Any CPU
		{91E7A615-F670-4B25-BFE1-6DE43D795862}.Debug|Any CPU.ActiveCfg = Debug|Any CPU
		{91E7A615-F670-4B25-BFE1-6DE43D795862}.Debug|Any CPU.Build.0 = Debug|Any CPU
		{91E7A615-F670-4B25-BFE1-6DE43D795862}.Release|Any CPU.ActiveCfg = Release|Any CPU
		{91E7A615-F670-4B25-BFE1-6DE43D795862}.Release|Any CPU.Build.0 = Release|Any CPU
		{F7A75A5F-6224-4A96-A608-519E49CE700E}.Debug|Any CPU.ActiveCfg = Debug|Any CPU
		{F7A75A5F-6224-4A96-A608-519E49CE700E}.Debug|Any CPU.Build.0 = Debug|Any CPU
		{F7A75A5F-6224-4A96-A608-519E49CE700E}.Release|Any CPU.ActiveCfg = Release|Any CPU
		{F7A75A5F-6224-4A96-A608-519E49CE700E}.Release|Any CPU.Build.0 = Release|Any CPU
		{28EAE8F6-06DE-4955-979A-CA4395EF9EAC}.Debug|Any CPU.ActiveCfg = Debug|Any CPU
		{28EAE8F6-06DE-4955-979A-CA4395EF9EAC}.Debug|Any CPU.Build.0 = Debug|Any CPU
		{28EAE8F6-06DE-4955-979A-CA4395EF9EAC}.Release|Any CPU.ActiveCfg = Release|Any CPU
		{28EAE8F6-06DE-4955-979A-CA4395EF9EAC}.Release|Any CPU.Build.0 = Release|Any CPU
		{AF9C718F-57B6-41B7-8D8D-C303C1108EC8}.Debug|Any CPU.ActiveCfg = Debug|Any CPU
		{AF9C718F-57B6-41B7-8D8D-C303C1108EC8}.Debug|Any CPU.Build.0 = Debug|Any CPU
		{AF9C718F-57B6-41B7-8D8D-C303C1108EC8}.Release|Any CPU.ActiveCfg = Release|Any CPU
		{AF9C718F-57B6-41B7-8D8D-C303C1108EC8}.Release|Any CPU.Build.0 = Release|Any CPU
		{1E7E0F9D-1C94-4212-ABAA-132EF20A31F2}.Debug|Any CPU.ActiveCfg = Debug|Any CPU
		{1E7E0F9D-1C94-4212-ABAA-132EF20A31F2}.Debug|Any CPU.Build.0 = Debug|Any CPU
		{1E7E0F9D-1C94-4212-ABAA-132EF20A31F2}.Release|Any CPU.ActiveCfg = Release|Any CPU
		{1E7E0F9D-1C94-4212-ABAA-132EF20A31F2}.Release|Any CPU.Build.0 = Release|Any CPU
		{3EABF153-B698-4BF3-B1F7-C696245AA693}.Debug|Any CPU.ActiveCfg = Debug|Any CPU
		{3EABF153-B698-4BF3-B1F7-C696245AA693}.Debug|Any CPU.Build.0 = Debug|Any CPU
		{3EABF153-B698-4BF3-B1F7-C696245AA693}.Release|Any CPU.ActiveCfg = Release|Any CPU
		{3EABF153-B698-4BF3-B1F7-C696245AA693}.Release|Any CPU.Build.0 = Release|Any CPU
		{CDEB8355-2CBF-490C-8C44-50F8CC6C636C}.Debug|Any CPU.ActiveCfg = Debug|Any CPU
		{CDEB8355-2CBF-490C-8C44-50F8CC6C636C}.Debug|Any CPU.Build.0 = Debug|Any CPU
		{CDEB8355-2CBF-490C-8C44-50F8CC6C636C}.Release|Any CPU.ActiveCfg = Release|Any CPU
		{CDEB8355-2CBF-490C-8C44-50F8CC6C636C}.Release|Any CPU.Build.0 = Release|Any CPU
		{10EA9513-55B1-4F38-8F7C-359E6CE60CEA}.Debug|Any CPU.ActiveCfg = Debug|Any CPU
		{10EA9513-55B1-4F38-8F7C-359E6CE60CEA}.Debug|Any CPU.Build.0 = Debug|Any CPU
		{10EA9513-55B1-4F38-8F7C-359E6CE60CEA}.Release|Any CPU.ActiveCfg = Release|Any CPU
		{10EA9513-55B1-4F38-8F7C-359E6CE60CEA}.Release|Any CPU.Build.0 = Release|Any CPU
		{C29CB073-D729-4511-A347-76EFAA25D206}.Debug|Any CPU.ActiveCfg = Debug|Any CPU
		{C29CB073-D729-4511-A347-76EFAA25D206}.Debug|Any CPU.Build.0 = Debug|Any CPU
		{C29CB073-D729-4511-A347-76EFAA25D206}.Release|Any CPU.ActiveCfg = Release|Any CPU
		{C29CB073-D729-4511-A347-76EFAA25D206}.Release|Any CPU.Build.0 = Release|Any CPU
		{ECDFE147-FBE3-4451-A354-9AECF42BF265}.Debug|Any CPU.ActiveCfg = Debug|Any CPU
		{ECDFE147-FBE3-4451-A354-9AECF42BF265}.Debug|Any CPU.Build.0 = Debug|Any CPU
		{ECDFE147-FBE3-4451-A354-9AECF42BF265}.Release|Any CPU.ActiveCfg = Release|Any CPU
		{ECDFE147-FBE3-4451-A354-9AECF42BF265}.Release|Any CPU.Build.0 = Release|Any CPU
		{2AE21380-C283-41EE-98DB-7D5681245436}.Debug|Any CPU.ActiveCfg = Debug|Any CPU
		{2AE21380-C283-41EE-98DB-7D5681245436}.Debug|Any CPU.Build.0 = Debug|Any CPU
		{2AE21380-C283-41EE-98DB-7D5681245436}.Release|Any CPU.ActiveCfg = Release|Any CPU
		{2AE21380-C283-41EE-98DB-7D5681245436}.Release|Any CPU.Build.0 = Release|Any CPU
	EndGlobalSection
	GlobalSection(SolutionProperties) = preSolution
		HideSolutionNode = FALSE
	EndGlobalSection
	GlobalSection(NestedProjects) = preSolution
		{AF3C7855-8043-46C8-B12E-705E7D854D20} = {27BF0A76-7B2C-46C9-8966-FD2AA73FE4FB}
		{0E1709D5-8869-4708-ABF3-BF0477695560} = {27BF0A76-7B2C-46C9-8966-FD2AA73FE4FB}
		{CE26A755-D890-4592-9EE9-7A0502CA667D} = {27BF0A76-7B2C-46C9-8966-FD2AA73FE4FB}
		{2C5E8AEA-645F-4182-AD38-B2B01DCD0803} = {27BF0A76-7B2C-46C9-8966-FD2AA73FE4FB}
		{C0104987-AD83-4301-A4F0-B090380D1692} = {27BF0A76-7B2C-46C9-8966-FD2AA73FE4FB}
		{C734345E-7F40-4509-A773-643EFD2CE5E9} = {81205A22-A8D8-48BE-986C-3CE0AFE01CAA}
		{84E0C7F1-18C2-43C6-9670-75B40FE80DFA} = {81205A22-A8D8-48BE-986C-3CE0AFE01CAA}
		{0C163FC4-823E-4611-82B1-1C10CAC50B1B} = {81205A22-A8D8-48BE-986C-3CE0AFE01CAA}
		{9A473902-EE9E-4FD9-B5DC-8DF630201D7F} = {81205A22-A8D8-48BE-986C-3CE0AFE01CAA}
		{D328BE12-60C0-4713-AF15-9CD6327FFEB2} = {81205A22-A8D8-48BE-986C-3CE0AFE01CAA}
		{C860BE70-89FB-4C21-9373-93AE5854CE4D} = {81205A22-A8D8-48BE-986C-3CE0AFE01CAA}
		{91E7A615-F670-4B25-BFE1-6DE43D795862} = {C734345E-7F40-4509-A773-643EFD2CE5E9}
		{F7A75A5F-6224-4A96-A608-519E49CE700E} = {C734345E-7F40-4509-A773-643EFD2CE5E9}
		{28EAE8F6-06DE-4955-979A-CA4395EF9EAC} = {84E0C7F1-18C2-43C6-9670-75B40FE80DFA}
		{AF9C718F-57B6-41B7-8D8D-C303C1108EC8} = {84E0C7F1-18C2-43C6-9670-75B40FE80DFA}
		{1E7E0F9D-1C94-4212-ABAA-132EF20A31F2} = {0C163FC4-823E-4611-82B1-1C10CAC50B1B}
		{3EABF153-B698-4BF3-B1F7-C696245AA693} = {0C163FC4-823E-4611-82B1-1C10CAC50B1B}
		{CDEB8355-2CBF-490C-8C44-50F8CC6C636C} = {9A473902-EE9E-4FD9-B5DC-8DF630201D7F}
		{10EA9513-55B1-4F38-8F7C-359E6CE60CEA} = {9A473902-EE9E-4FD9-B5DC-8DF630201D7F}
		{C29CB073-D729-4511-A347-76EFAA25D206} = {D328BE12-60C0-4713-AF15-9CD6327FFEB2}
		{ECDFE147-FBE3-4451-A354-9AECF42BF265} = {D328BE12-60C0-4713-AF15-9CD6327FFEB2}
		{2AE21380-C283-41EE-98DB-7D5681245436} = {0C0095BC-0FE5-45E6-A7FD-84BF4A67D45D}
	EndGlobalSection
EndGlobal
