
Microsoft Visual Studio Solution File, Format Version 12.00
# Visual Studio 14
VisualStudioVersion = 14.0.25420.1
MinimumVisualStudioVersion = 10.0.40219.1
Project("{8BB2217D-0F2D-49D1-97BC-3654ED321F3B}") = "Warden.Api.Core", "API\Warden.Api.Core\Warden.Api.Core.xproj", "{AF3C7855-8043-46C8-B12E-705E7D854D20}"
EndProject
Project("{8BB2217D-0F2D-49D1-97BC-3654ED321F3B}") = "Warden.Api.Tests", "API\Warden.Api.Tests\Warden.Api.Tests.xproj", "{CE26A755-D890-4592-9EE9-7A0502CA667D}"
EndProject
Project("{8BB2217D-0F2D-49D1-97BC-3654ED321F3B}") = "Warden.Api.Tests.EndToEnd", "API\Warden.Api.Tests.EndToEnd\Warden.Api.Tests.EndToEnd.xproj", "{2C5E8AEA-645F-4182-AD38-B2B01DCD0803}"
EndProject
Project("{2150E333-8FDC-42A3-9474-1A3956D46DE8}") = "Solution Items", "Solution Items", "{7DA85ECD-4C38-48F5-95AA-4F1386EB5FE7}"
	ProjectSection(SolutionItems) = preProject
		global.json = global.json
	EndProjectSection
EndProject
Project("{2150E333-8FDC-42A3-9474-1A3956D46DE8}") = "API", "API", "{27BF0A76-7B2C-46C9-8966-FD2AA73FE4FB}"
EndProject
Project("{2150E333-8FDC-42A3-9474-1A3956D46DE8}") = "Services", "Services", "{81205A22-A8D8-48BE-986C-3CE0AFE01CAA}"
EndProject
Project("{8BB2217D-0F2D-49D1-97BC-3654ED321F3B}") = "Warden.Services.RealTime", "Services\Warden.Services.RealTime\Warden.Services.RealTime.xproj", "{28EAE8F6-06DE-4955-979A-CA4395EF9EAC}"
EndProject
Project("{8BB2217D-0F2D-49D1-97BC-3654ED321F3B}") = "Warden.Services.Spawn", "Services\Warden.Services.Spawn\Warden.Services.Spawn.xproj", "{1E7E0F9D-1C94-4212-ABAA-132EF20A31F2}"
EndProject
Project("{8BB2217D-0F2D-49D1-97BC-3654ED321F3B}") = "Warden.Services.Stats", "Services\Warden.Services.Stats\Warden.Services.Stats.xproj", "{CDEB8355-2CBF-490C-8C44-50F8CC6C636C}"
EndProject
Project("{8BB2217D-0F2D-49D1-97BC-3654ED321F3B}") = "Warden.Services.Storage", "Services\Warden.Services.Storage\Warden.Services.Storage.xproj", "{C29CB073-D729-4511-A347-76EFAA25D206}"
EndProject
Project("{8BB2217D-0F2D-49D1-97BC-3654ED321F3B}") = "Warden.Common", "Warden.Common\Warden.Common.xproj", "{2611E8E1-CA9C-423B-8FD4-DFD12E30D968}"
EndProject
Project("{8BB2217D-0F2D-49D1-97BC-3654ED321F3B}") = "Warden.Services", "Services\Warden.Services\Warden.Services.xproj", "{C120E222-F865-4361-BA84-71ED4F7E9BD4}"
EndProject
Project("{8BB2217D-0F2D-49D1-97BC-3654ED321F3B}") = "Warden.Services.Users", "Services\Warden.Services.Users\Warden.Services.Users.xproj", "{BEFC036D-7B0A-4517-A833-D607130F61DB}"
EndProject
Project("{8BB2217D-0F2D-49D1-97BC-3654ED321F3B}") = "Warden.Services.Organizations", "Services\Warden.Services.Organizations\Warden.Services.Organizations.xproj", "{432AB10B-290B-4F70-8BA5-3F6C7A036B50}"
EndProject
Project("{8BB2217D-0F2D-49D1-97BC-3654ED321F3B}") = "Warden.Services.WardenChecks", "Services\Warden.Services.WardenChecks\Warden.Services.WardenChecks.xproj", "{6D144F83-F99E-4A99-BE15-5696CB09A637}"
EndProject
Project("{8BB2217D-0F2D-49D1-97BC-3654ED321F3B}") = "Warden.Services.Features", "Services\Warden.Services.Features\Warden.Services.Features.xproj", "{0525F221-6F77-47E5-BF02-E1026D43F72D}"
EndProject
Project("{8BB2217D-0F2D-49D1-97BC-3654ED321F3B}") = "Warden.Api", "API\Warden.Api\Warden.Api.xproj", "{FBAEFAB9-1FB4-4EFA-8EC2-9789556582A0}"
EndProject
Project("{8BB2217D-0F2D-49D1-97BC-3654ED321F3B}") = "Warden.DTO", "Warden.DTO\Warden.DTO.xproj", "{6F3CAA22-2110-40E0-849D-D984437BAE24}"
EndProject
Project("{2150E333-8FDC-42A3-9474-1A3956D46DE8}") = "Tools", "Tools", "{5A0C02B3-9E3C-4B3B-A5DA-F3831F1917C2}"
EndProject
Project("{8BB2217D-0F2D-49D1-97BC-3654ED321F3B}") = "Warden.Tools.Synchronizer", "Tools\Warden.Tools.Synchronizer\Warden.Tools.Synchronizer.xproj", "{1CEDAA75-4449-4172-A5C3-1B7D28CDA7DD}"
EndProject
Global
	GlobalSection(SolutionConfigurationPlatforms) = preSolution
		Debug|Any CPU = Debug|Any CPU
		Release|Any CPU = Release|Any CPU
	EndGlobalSection
	GlobalSection(ProjectConfigurationPlatforms) = postSolution
		{AF3C7855-8043-46C8-B12E-705E7D854D20}.Debug|Any CPU.ActiveCfg = Debug|Any CPU
		{AF3C7855-8043-46C8-B12E-705E7D854D20}.Debug|Any CPU.Build.0 = Debug|Any CPU
		{AF3C7855-8043-46C8-B12E-705E7D854D20}.Release|Any CPU.ActiveCfg = Release|Any CPU
		{AF3C7855-8043-46C8-B12E-705E7D854D20}.Release|Any CPU.Build.0 = Release|Any CPU
		{CE26A755-D890-4592-9EE9-7A0502CA667D}.Debug|Any CPU.ActiveCfg = Debug|Any CPU
		{CE26A755-D890-4592-9EE9-7A0502CA667D}.Debug|Any CPU.Build.0 = Debug|Any CPU
		{CE26A755-D890-4592-9EE9-7A0502CA667D}.Release|Any CPU.ActiveCfg = Release|Any CPU
		{CE26A755-D890-4592-9EE9-7A0502CA667D}.Release|Any CPU.Build.0 = Release|Any CPU
		{2C5E8AEA-645F-4182-AD38-B2B01DCD0803}.Debug|Any CPU.ActiveCfg = Debug|Any CPU
		{2C5E8AEA-645F-4182-AD38-B2B01DCD0803}.Debug|Any CPU.Build.0 = Debug|Any CPU
		{2C5E8AEA-645F-4182-AD38-B2B01DCD0803}.Release|Any CPU.ActiveCfg = Release|Any CPU
		{2C5E8AEA-645F-4182-AD38-B2B01DCD0803}.Release|Any CPU.Build.0 = Release|Any CPU
		{28EAE8F6-06DE-4955-979A-CA4395EF9EAC}.Debug|Any CPU.ActiveCfg = Debug|Any CPU
		{28EAE8F6-06DE-4955-979A-CA4395EF9EAC}.Debug|Any CPU.Build.0 = Debug|Any CPU
		{28EAE8F6-06DE-4955-979A-CA4395EF9EAC}.Release|Any CPU.ActiveCfg = Release|Any CPU
		{28EAE8F6-06DE-4955-979A-CA4395EF9EAC}.Release|Any CPU.Build.0 = Release|Any CPU
		{1E7E0F9D-1C94-4212-ABAA-132EF20A31F2}.Debug|Any CPU.ActiveCfg = Debug|Any CPU
		{1E7E0F9D-1C94-4212-ABAA-132EF20A31F2}.Debug|Any CPU.Build.0 = Debug|Any CPU
		{1E7E0F9D-1C94-4212-ABAA-132EF20A31F2}.Release|Any CPU.ActiveCfg = Release|Any CPU
		{1E7E0F9D-1C94-4212-ABAA-132EF20A31F2}.Release|Any CPU.Build.0 = Release|Any CPU
		{CDEB8355-2CBF-490C-8C44-50F8CC6C636C}.Debug|Any CPU.ActiveCfg = Debug|Any CPU
		{CDEB8355-2CBF-490C-8C44-50F8CC6C636C}.Debug|Any CPU.Build.0 = Debug|Any CPU
		{CDEB8355-2CBF-490C-8C44-50F8CC6C636C}.Release|Any CPU.ActiveCfg = Release|Any CPU
		{CDEB8355-2CBF-490C-8C44-50F8CC6C636C}.Release|Any CPU.Build.0 = Release|Any CPU
		{C29CB073-D729-4511-A347-76EFAA25D206}.Debug|Any CPU.ActiveCfg = Debug|Any CPU
		{C29CB073-D729-4511-A347-76EFAA25D206}.Debug|Any CPU.Build.0 = Debug|Any CPU
		{C29CB073-D729-4511-A347-76EFAA25D206}.Release|Any CPU.ActiveCfg = Release|Any CPU
		{C29CB073-D729-4511-A347-76EFAA25D206}.Release|Any CPU.Build.0 = Release|Any CPU
		{2611E8E1-CA9C-423B-8FD4-DFD12E30D968}.Debug|Any CPU.ActiveCfg = Debug|Any CPU
		{2611E8E1-CA9C-423B-8FD4-DFD12E30D968}.Debug|Any CPU.Build.0 = Debug|Any CPU
		{2611E8E1-CA9C-423B-8FD4-DFD12E30D968}.Release|Any CPU.ActiveCfg = Release|Any CPU
		{2611E8E1-CA9C-423B-8FD4-DFD12E30D968}.Release|Any CPU.Build.0 = Release|Any CPU
		{C120E222-F865-4361-BA84-71ED4F7E9BD4}.Debug|Any CPU.ActiveCfg = Debug|Any CPU
		{C120E222-F865-4361-BA84-71ED4F7E9BD4}.Debug|Any CPU.Build.0 = Debug|Any CPU
		{C120E222-F865-4361-BA84-71ED4F7E9BD4}.Release|Any CPU.ActiveCfg = Release|Any CPU
		{C120E222-F865-4361-BA84-71ED4F7E9BD4}.Release|Any CPU.Build.0 = Release|Any CPU
		{BEFC036D-7B0A-4517-A833-D607130F61DB}.Debug|Any CPU.ActiveCfg = Debug|Any CPU
		{BEFC036D-7B0A-4517-A833-D607130F61DB}.Debug|Any CPU.Build.0 = Debug|Any CPU
		{BEFC036D-7B0A-4517-A833-D607130F61DB}.Release|Any CPU.ActiveCfg = Release|Any CPU
		{BEFC036D-7B0A-4517-A833-D607130F61DB}.Release|Any CPU.Build.0 = Release|Any CPU
		{432AB10B-290B-4F70-8BA5-3F6C7A036B50}.Debug|Any CPU.ActiveCfg = Debug|Any CPU
		{432AB10B-290B-4F70-8BA5-3F6C7A036B50}.Debug|Any CPU.Build.0 = Debug|Any CPU
		{432AB10B-290B-4F70-8BA5-3F6C7A036B50}.Release|Any CPU.ActiveCfg = Release|Any CPU
		{432AB10B-290B-4F70-8BA5-3F6C7A036B50}.Release|Any CPU.Build.0 = Release|Any CPU
		{6D144F83-F99E-4A99-BE15-5696CB09A637}.Debug|Any CPU.ActiveCfg = Debug|Any CPU
		{6D144F83-F99E-4A99-BE15-5696CB09A637}.Debug|Any CPU.Build.0 = Debug|Any CPU
		{6D144F83-F99E-4A99-BE15-5696CB09A637}.Release|Any CPU.ActiveCfg = Release|Any CPU
		{6D144F83-F99E-4A99-BE15-5696CB09A637}.Release|Any CPU.Build.0 = Release|Any CPU
		{0525F221-6F77-47E5-BF02-E1026D43F72D}.Debug|Any CPU.ActiveCfg = Debug|Any CPU
		{0525F221-6F77-47E5-BF02-E1026D43F72D}.Debug|Any CPU.Build.0 = Debug|Any CPU
		{0525F221-6F77-47E5-BF02-E1026D43F72D}.Release|Any CPU.ActiveCfg = Release|Any CPU
		{0525F221-6F77-47E5-BF02-E1026D43F72D}.Release|Any CPU.Build.0 = Release|Any CPU
		{FBAEFAB9-1FB4-4EFA-8EC2-9789556582A0}.Debug|Any CPU.ActiveCfg = Debug|Any CPU
		{FBAEFAB9-1FB4-4EFA-8EC2-9789556582A0}.Debug|Any CPU.Build.0 = Debug|Any CPU
		{FBAEFAB9-1FB4-4EFA-8EC2-9789556582A0}.Release|Any CPU.ActiveCfg = Release|Any CPU
		{FBAEFAB9-1FB4-4EFA-8EC2-9789556582A0}.Release|Any CPU.Build.0 = Release|Any CPU
		{6F3CAA22-2110-40E0-849D-D984437BAE24}.Debug|Any CPU.ActiveCfg = Debug|Any CPU
		{6F3CAA22-2110-40E0-849D-D984437BAE24}.Debug|Any CPU.Build.0 = Debug|Any CPU
		{6F3CAA22-2110-40E0-849D-D984437BAE24}.Release|Any CPU.ActiveCfg = Release|Any CPU
		{6F3CAA22-2110-40E0-849D-D984437BAE24}.Release|Any CPU.Build.0 = Release|Any CPU
		{1CEDAA75-4449-4172-A5C3-1B7D28CDA7DD}.Debug|Any CPU.ActiveCfg = Debug|Any CPU
		{1CEDAA75-4449-4172-A5C3-1B7D28CDA7DD}.Debug|Any CPU.Build.0 = Debug|Any CPU
		{1CEDAA75-4449-4172-A5C3-1B7D28CDA7DD}.Release|Any CPU.ActiveCfg = Release|Any CPU
		{1CEDAA75-4449-4172-A5C3-1B7D28CDA7DD}.Release|Any CPU.Build.0 = Release|Any CPU
	EndGlobalSection
	GlobalSection(SolutionProperties) = preSolution
		HideSolutionNode = FALSE
	EndGlobalSection
	GlobalSection(NestedProjects) = preSolution
		{AF3C7855-8043-46C8-B12E-705E7D854D20} = {27BF0A76-7B2C-46C9-8966-FD2AA73FE4FB}
		{CE26A755-D890-4592-9EE9-7A0502CA667D} = {27BF0A76-7B2C-46C9-8966-FD2AA73FE4FB}
		{2C5E8AEA-645F-4182-AD38-B2B01DCD0803} = {27BF0A76-7B2C-46C9-8966-FD2AA73FE4FB}
		{28EAE8F6-06DE-4955-979A-CA4395EF9EAC} = {81205A22-A8D8-48BE-986C-3CE0AFE01CAA}
		{1E7E0F9D-1C94-4212-ABAA-132EF20A31F2} = {81205A22-A8D8-48BE-986C-3CE0AFE01CAA}
		{CDEB8355-2CBF-490C-8C44-50F8CC6C636C} = {81205A22-A8D8-48BE-986C-3CE0AFE01CAA}
		{C29CB073-D729-4511-A347-76EFAA25D206} = {81205A22-A8D8-48BE-986C-3CE0AFE01CAA}
		{C120E222-F865-4361-BA84-71ED4F7E9BD4} = {81205A22-A8D8-48BE-986C-3CE0AFE01CAA}
		{BEFC036D-7B0A-4517-A833-D607130F61DB} = {81205A22-A8D8-48BE-986C-3CE0AFE01CAA}
		{432AB10B-290B-4F70-8BA5-3F6C7A036B50} = {81205A22-A8D8-48BE-986C-3CE0AFE01CAA}
		{6D144F83-F99E-4A99-BE15-5696CB09A637} = {81205A22-A8D8-48BE-986C-3CE0AFE01CAA}
		{0525F221-6F77-47E5-BF02-E1026D43F72D} = {81205A22-A8D8-48BE-986C-3CE0AFE01CAA}
		{FBAEFAB9-1FB4-4EFA-8EC2-9789556582A0} = {27BF0A76-7B2C-46C9-8966-FD2AA73FE4FB}
		{1CEDAA75-4449-4172-A5C3-1B7D28CDA7DD} = {5A0C02B3-9E3C-4B3B-A5DA-F3831F1917C2}
	EndGlobalSection
EndGlobal
